
Microsoft Visual Studio Solution File, Format Version 12.00
# Visual Studio 15
VisualStudioVersion = 15.0.27130.2010
MinimumVisualStudioVersion = 10.0.40219.1
Project("{FAE04EC0-301F-11D3-BF4B-00C04F79EFBC}") = "KBriones", "KBriones\KBriones.csproj", "{742F7237-9854-497C-A898-47160BE3C488}"
EndProject
Project("{FAE04EC0-301F-11D3-BF4B-00C04F79EFBC}") = "AppBriones", "AppBriones\AppBriones.csproj", "{5A4A9EBE-3701-4B94-A543-C1D5FE25EFCB}"
EndProject
Global
	GlobalSection(SolutionConfigurationPlatforms) = preSolution
		Debug|Any CPU = Debug|Any CPU
		Release|Any CPU = Release|Any CPU
	EndGlobalSection
	GlobalSection(ProjectConfigurationPlatforms) = postSolution
		{742F7237-9854-497C-A898-47160BE3C488}.Debug|Any CPU.ActiveCfg = Debug|Any CPU
		{742F7237-9854-497C-A898-47160BE3C488}.Debug|Any CPU.Build.0 = Debug|Any CPU
		{742F7237-9854-497C-A898-47160BE3C488}.Release|Any CPU.ActiveCfg = Release|Any CPU
		{742F7237-9854-497C-A898-47160BE3C488}.Release|Any CPU.Build.0 = Release|Any CPU
		{5A4A9EBE-3701-4B94-A543-C1D5FE25EFCB}.Debug|Any CPU.ActiveCfg = Debug|Any CPU
		{5A4A9EBE-3701-4B94-A543-C1D5FE25EFCB}.Debug|Any CPU.Build.0 = Debug|Any CPU
		{5A4A9EBE-3701-4B94-A543-C1D5FE25EFCB}.Release|Any CPU.ActiveCfg = Release|Any CPU
		{5A4A9EBE-3701-4B94-A543-C1D5FE25EFCB}.Release|Any CPU.Build.0 = Release|Any CPU
	EndGlobalSection
	GlobalSection(SolutionProperties) = preSolution
		HideSolutionNode = FALSE
	EndGlobalSection
	GlobalSection(ExtensibilityGlobals) = postSolution
		SolutionGuid = {D0D0593B-313F-49D1-867D-ABE71C2FF169}
	EndGlobalSection
	GlobalSection(TeamFoundationVersionControl) = preSolution
		SccNumberOfProjects = 3
		SccEnterpriseProvider = {4CA58AB2-18FA-4F8D-95D4-32DDF27D184C}
		SccTeamFoundationServer = https://webapikbriones.visualstudio.com/
		SccLocalPath0 = .
		SccProjectUniqueName1 = AppBriones\\AppBriones.csproj
		SccProjectName1 = AppBriones
		SccLocalPath1 = AppBriones
		SccProjectUniqueName2 = KBriones\\KBriones.csproj
		SccProjectName2 = KBriones
		SccLocalPath2 = KBriones
	EndGlobalSection
EndGlobal
